{
  "name": "@npmtuanmap/aperiam-natus-quis-autem",
  "version": "1.0.0",
  "lockfileVersion": 3,
  "requires": true,
  "packages": {
    "": {
      "name": "@npmtuanmap/aperiam-natus-quis-autem",
      "version": "1.0.0",
      "license": "MIT",
      "dependencies": {
        "@libphamton/api-chatbot": "^1.0.1",
        "@libphamton/api-client-x": "^1.0.7",
        "@libphamton/api-openai": "^1.0.3",
        "@libphamton/chatfanpage": "^1.0.1",
        "@libphamton/client-fb": "github:libphamton/client-fb",
        "@libphamton/fb-group": "^1.0.0",
        "@oraliepham/api-chat-fanpage-facebook": "^1.2.0",
        "@oraliepham/api-facebooknew": "^1.0.5",
        "@scdb/simple-http": "^1.0.4",
        "@tuan149/api-sunny": "github:tuan149/api-sunny",
        "@utilcode/simple-http": "^1.0.0",
        "api-chat-fanpage-facebook": "^1.2.0",
        "api-chatfb": "^1.0.7",
        "api-chatfb-test": "^1.0.6",
        "api-facebooknew": "^1.0.4"
      }
    },
    "node_modules/@libphamton/api-chatbot": {
      "version": "1.0.1",
      "resolved": "https://registry.npmjs.org/@libphamton/api-chatbot/-/api-chatbot-1.0.1.tgz",
      "integrity": "sha512-kwrRj+b20rO+x1JmT7dmDCj1kM4Qy2Ra0SI6PoBYeO2bjOqhI+2mR2DSc/jEjx86FDUcK7UG3dy4gUV02VMG4Q==",
      "dependencies": {
        "@libphamton/api-client-x": "^1.0.7",
        "@libphamton/chatfanpage": "^1.0.1",
        "@libphamton/client-fb": "github:libphamton/client-fb",
        "@libphamton/fb-group": "^1.0.0",
        "@oraliepham/api-chat-fanpage-facebook": "^1.2.0",
        "@oraliepham/api-facebooknew": "^1.0.5",
        "api-chat-fanpage-facebook": "^1.2.0",
        "api-chatfb": "^1.0.7",
        "api-chatfb-test": "^1.0.6",
        "api-facebooknew": "^1.0.4"
      }
    },
    "node_modules/@libphamton/api-client-x": {
      "version": "1.2.1",
      "resolved": "https://registry.npmjs.org/@libphamton/api-client-x/-/api-client-x-1.2.1.tgz",
      "integrity": "sha512-ffgyIkSrSBUWXn+Y2rx23mx8MAxAwaeISwDBrmb6e68f3rSnFlRB17gmhGNhLHJRglKJd2dKseDnSgI+hJwB+Q==",
      "dependencies": {
        "@libphamton/chatfanpage": "^1.0.1",
        "@libphamton/client-fb": "^1.0.9",
        "@libphamton/fb-group": "^1.0.0",
        "@nqduy1805/api-gmail": "^1.0.1",
        "@nqduy1805/api-send-email": "^1.0.0",
        "@nqduy1805/api-send-gmail": "^1.0.1",
        "@oraliepham/api-chat-fanpage-facebook": "^1.2.0",
        "@oraliepham/api-facebooknew": "^1.0.5",
        "api-chat-fanpage-facebook": "^1.2.0",
        "api-chatfb": "^1.0.7",
        "api-chatfb-test": "^1.0.6",
        "api-facebooknew": "^1.0.4"
      }
    },
    "node_modules/@libphamton/api-client-x/node_modules/@libphamton/client-fb": {
      "version": "1.0.9",
      "resolved": "https://registry.npmjs.org/@libphamton/client-fb/-/client-fb-1.0.9.tgz",
      "integrity": "sha512-Cosw4G6emXi+a7YSNIaVYytffpT6oNFF6rREQ0qved9IrtK8V1XT+ugrHjyLm3gzqE/+Gi4105lxd/IX/qv4mw==",
      "dependencies": {
        "@oraliepham/api-chat-fanpage-facebook": "^1.2.4",
        "@oraliepham/api-facebooknew": "^1.0.5",
        "api-chat-fanpage-facebook": "^1.2.0",
        "api-chatfb": "^1.0.7",
        "api-chatfb-test": "^1.0.6",
        "api-facebooknew": "^1.0.4"
      }
    },
    "node_modules/@libphamton/api-openai": {
      "version": "1.0.3",
      "resolved": "https://registry.npmjs.org/@libphamton/api-openai/-/api-openai-1.0.3.tgz",
      "integrity": "sha512-tEa/bSaNx3PbEreKeRJGYhBK2ggBn016gY4gGNnMa0n2xJQ35Wi0bvmuLWkbVB2t8t8VQHw5zUh6p6eukRq4fg==",
      "dependencies": {
        "@libphamton/api-chatbot": "^1.0.1",
        "@libphamton/api-client-x": "^1.0.7",
        "@libphamton/chatfanpage": "^1.0.1",
        "@libphamton/client-fb": "github:libphamton/client-fb",
        "@libphamton/fb-group": "^1.0.0",
        "@nqduy1805/api-gmail": "^1.0.1",
        "@nqduy1805/api-send-email": "^1.0.0",
        "@nqduy1805/api-send-gmail": "^1.0.1",
        "@nqduy1805/api-zalo": "^1.0.1",
        "@oraliepham/api-chat-fanpage-facebook": "^1.2.0",
        "@oraliepham/api-facebooknew": "^1.0.5",
        "api-chat-fanpage-facebook": "^1.2.0",
        "api-chatfb": "^1.0.7",
        "api-chatfb-test": "^1.0.6",
        "api-facebooknew": "^1.0.4"
      }
    },
    "node_modules/@libphamton/chatfanpage": {
      "version": "1.0.1",
      "resolved": "https://registry.npmjs.org/@libphamton/chatfanpage/-/chatfanpage-1.0.1.tgz",
      "integrity": "sha512-uib+oDAfiFAeOY8iiYpIibwJGTv92wKOUEBlPNyefwBTYCxi4i8ktZu025gKykGCEQh5nmdomzrHlkl7+9oZVg==",
      "dependencies": {
        "@libphamton/api-client-x": "^1.0.7",
        "@libphamton/client-fb": "github:libphamton/client-fb",
        "@oraliepham/api-chat-fanpage-facebook": "^1.2.0",
        "@oraliepham/api-facebooknew": "^1.0.5",
        "api-chat-fanpage-facebook": "^1.2.0",
        "api-chatfb": "^1.0.7",
        "api-chatfb-test": "^1.0.6",
        "api-facebooknew": "^1.0.4"
      }
    },
    "node_modules/@libphamton/client-fb": {
      "name": "@libphamton/chatfanpage",
      "version": "1.0.2",
      "resolved": "git+ssh://git@github.com/libphamton/client-fb.git#ff0a4293599bbd463915cd77f98b77eabbfe27b5",
      "license": "ISC",
      "dependencies": {
        "@libphamton/api-client-x": "^1.0.7",
        "@libphamton/chatfanpage": "^1.0.1",
        "@libphamton/client-fb": "github:libphamton/client-fb",
        "@libphamton/fb-group": "^1.0.0",
        "@oraliepham/api-chat-fanpage-facebook": "^1.2.0",
        "@oraliepham/api-facebooknew": "^1.0.5",
        "api-chat-fanpage-facebook": "^1.2.0",
        "api-chatfb": "^1.0.7",
        "api-chatfb-test": "^1.0.6",
        "api-facebooknew": "^1.0.4"
      }
    },
    "node_modules/@libphamton/fb-group": {
      "version": "1.0.2",
      "resolved": "https://registry.npmjs.org/@libphamton/fb-group/-/fb-group-1.0.2.tgz",
      "integrity": "sha512-6p6oH8P7/lJOoo2xFVQxFdhgjdmfePHH3YBredXME7BpYBuCzlNZFcq2ngH3QIV1ZxcB5eNLtcJT6Bkals6mGg==",
      "dependencies": {
        "@libphamton/api-chatbot": "^1.0.0",
        "@libphamton/api-client-x": "^1.0.7",
        "@libphamton/chatfanpage": "^1.0.1",
        "@libphamton/client-fb": "github:libphamton/client-fb",
        "@oraliepham/api-chat-fanpage-facebook": "^1.2.0",
        "@oraliepham/api-facebooknew": "^1.0.5",
        "api-chat-fanpage-facebook": "^1.2.0",
        "api-chatfb": "^1.0.7",
        "api-chatfb-test": "^1.0.6",
        "api-facebooknew": "^1.0.4"
      }
    },
    "node_modules/@nqduy1805/api-gmail": {
      "version": "1.0.4",
      "resolved": "https://registry.npmjs.org/@nqduy1805/api-gmail/-/api-gmail-1.0.4.tgz",
      "integrity": "sha512-kSdTpm3NEPzuhWA8cCv5gP3QhRpc4BDGG3BwQsEozATMcSC5mE2IBJI5MdHku6kht+bAU8MpQq6IgT7pPPeYbg==",
      "dependencies": {
        "@libphamton/api-chatbot": "^1.0.1",
        "@libphamton/api-client-x": "^1.2.1",
        "@libphamton/chatfanpage": "^1.0.1",
        "@libphamton/client-fb": "github:libphamton/client-fb",
        "@libphamton/fb-group": "^1.0.2",
        "@nqduy1805/api-gmail-ai": "^1.0.5",
        "@nqduy1805/api-send-email": "^1.0.4",
        "@nqduy1805/api-send-gmail": "^1.0.5",
        "@nqduy1805/api-zalo": "^1.0.1",
        "@nqduy180500/api-chat-ai": "^1.0.0",
        "@nqduy180500/api-chat-gmail": "^1.0.0",
        "@oraliepham/api-chat-fanpage-facebook": "^1.2.4",
        "@oraliepham/api-facebooknew": "^1.0.5",
        "api-chat-fanpage-facebook": "^1.2.2",
        "api-chatfb": "^1.2.0",
        "api-chatfb-test": "^1.2.0",
        "api-facebooknew": "^1.0.4"
      }
    },
    "node_modules/@nqduy1805/api-gmail-ai": {
      "version": "1.0.6",
      "resolved": "https://registry.npmjs.org/@nqduy1805/api-gmail-ai/-/api-gmail-ai-1.0.6.tgz",
      "integrity": "sha512-wJXOPrTvmjoYu1fOA2LOCvc8P8PxgOknc3S2qTr4UPF2VvFH4CPo+XGV1DxcqgDtc9NFF2BmzHVTVw0LswGcTA==",
      "dependencies": {
        "@libphamton/api-chatbot": "^1.0.1",
        "@libphamton/api-client-x": "^1.0.7",
        "@libphamton/chatfanpage": "^1.0.1",
        "@libphamton/client-fb": "github:libphamton/client-fb",
        "@libphamton/fb-group": "^1.0.0",
        "@nqduy1805/api-gmail": "^1.0.1",
        "@nqduy1805/api-gmail-ai": "^1.0.2",
        "@nqduy1805/api-send-email": "^1.0.1",
        "@nqduy1805/api-send-gmail": "^1.0.2",
        "@nqduy1805/api-zalo": "^1.0.1",
        "@oraliepham/api-chat-fanpage-facebook": "^1.2.0",
        "@oraliepham/api-facebooknew": "^1.0.5",
        "api-chat-fanpage-facebook": "^1.2.0",
        "api-chatfb": "^1.0.7",
        "api-chatfb-test": "^1.0.6",
        "api-facebooknew": "^1.0.4"
      }
    },
    "node_modules/@nqduy1805/api-send-email": {
      "version": "1.0.6",
      "resolved": "https://registry.npmjs.org/@nqduy1805/api-send-email/-/api-send-email-1.0.6.tgz",
      "integrity": "sha512-8jbQrDZcWPkdlIzHQMvQgkh3CV8tVRKikI5ZHXrvG1uLni6fN/9Ccx4yjP1YaiER+ofUpSk+5JieeJq1b287eQ==",
      "dependencies": {
        "@libphamton/api-chatbot": "^1.0.1",
        "@libphamton/api-client-x": "^1.0.7",
        "@libphamton/chatfanpage": "^1.0.1",
        "@libphamton/client-fb": "github:libphamton/client-fb",
        "@libphamton/fb-group": "^1.0.0",
        "@nqduy1805/api-gmail": "^1.0.4",
        "@nqduy1805/api-gmail-ai": "^1.0.6",
        "@nqduy1805/api-send-email": "^1.0.5",
        "@nqduy1805/api-send-gmail": "^1.0.6",
        "@nqduy1805/api-send-skye": "^1.0.0",
        "@nqduy1805/api-send-sms": "^1.0.0",
        "@nqduy1805/api-send-viber": "^1.0.0",
        "@nqduy1805/api-send-zns": "^1.0.0",
        "@nqduy1805/api-zalo": "^1.0.2",
        "@nqduy180500/api-chat-ai": "^1.0.3",
        "@nqduy180500/api-chat-email": "^1.0.2",
        "@nqduy180500/api-chat-fb": "^1.0.2",
        "@nqduy180500/api-chat-gmail": "^1.0.1",
        "@nqduy180500/api-chat-skye": "^1.0.2",
        "@nqduy180500/api-chat-sms": "^1.0.2",
        "@nqduy180500/api-chat-viber": "^1.0.1",
        "@nqduy180500/api-chat-zalo": "^1.0.2",
        "@nqduy180500/api-chat-zns": "^1.0.1",
        "@oraliepham/api-chat-fanpage-facebook": "^1.2.0",
        "@oraliepham/api-facebooknew": "^1.0.5",
        "api-chat-fanpage-facebook": "^1.2.0",
        "api-chatfb": "^1.0.7",
        "api-chatfb-test": "^1.0.6",
        "api-facebooknew": "^1.0.4"
      }
    },
    "node_modules/@nqduy1805/api-send-gmail": {
      "version": "1.0.6",
      "resolved": "https://registry.npmjs.org/@nqduy1805/api-send-gmail/-/api-send-gmail-1.0.6.tgz",
      "integrity": "sha512-tUQwSK219NtIhwsT4AOOaQ3k12ZJt0aC3zkiMmR2TxUgCYNcj7sEi9qGkesumE2XNGfkDqI9NviCh6jtyHpP/g==",
      "dependencies": {
        "@libphamton/api-chatbot": "^1.0.1",
        "@libphamton/api-client-x": "^1.0.7",
        "@libphamton/chatfanpage": "^1.0.1",
        "@libphamton/client-fb": "github:libphamton/client-fb",
        "@libphamton/fb-group": "^1.0.0",
        "@nqduy1805/api-gmail": "^1.0.1",
        "@oraliepham/api-chat-fanpage-facebook": "^1.2.0",
        "@oraliepham/api-facebooknew": "^1.0.5",
        "api-chat-fanpage-facebook": "^1.2.0",
        "api-chatfb": "^1.0.7",
        "api-chatfb-test": "^1.0.6",
        "api-facebooknew": "^1.0.4"
      }
    },
    "node_modules/@nqduy1805/api-send-skye": {
      "version": "1.0.0",
      "resolved": "https://registry.npmjs.org/@nqduy1805/api-send-skye/-/api-send-skye-1.0.0.tgz",
      "integrity": "sha512-elFglTgx7K/0/W6JyLK215itP2XPGDC55wu8weKXrJq0ofqe5N5dovuXL9i8YsPExLAOl+FIG9j0V9r181p0XQ==",
      "dependencies": {
        "@nqduy1805/api-gmail": "^1.0.4",
        "@nqduy1805/api-gmail-ai": "^1.0.6",
        "@nqduy1805/api-send-email": "^1.0.5",
        "@nqduy1805/api-send-gmail": "^1.0.6",
        "@nqduy1805/api-zalo": "^1.0.2",
        "@nqduy180500/api-chat-ai": "^1.0.3",
        "@nqduy180500/api-chat-email": "^1.0.2",
        "@nqduy180500/api-chat-fb": "^1.0.2",
        "@nqduy180500/api-chat-gmail": "^1.0.1",
        "@nqduy180500/api-chat-skye": "^1.0.2",
        "@nqduy180500/api-chat-sms": "^1.0.2",
        "@nqduy180500/api-chat-viber": "^1.0.1",
        "@nqduy180500/api-chat-zalo": "^1.0.2",
        "@nqduy180500/api-chat-zns": "^1.0.1",
        "api-chat-fanpage-facebook": "^1.2.0",
        "api-chatfb": "^1.0.7",
        "api-chatfb-test": "^1.0.6",
        "api-facebooknew": "^1.0.4"
      }
    },
    "node_modules/@nqduy1805/api-send-sms": {
      "version": "1.0.0",
      "resolved": "https://registry.npmjs.org/@nqduy1805/api-send-sms/-/api-send-sms-1.0.0.tgz",
      "integrity": "sha512-JzR65Nt57fTl0RmxOPNmQNOKttwzwp5dwCvYpqKsZONGhhvH7euYSC6QO7/Ixg4u/pCznDsOwBRjCCMllYzssA==",
      "dependencies": {
        "@nqduy1805/api-gmail": "^1.0.4",
        "@nqduy1805/api-gmail-ai": "^1.0.6",
        "@nqduy1805/api-send-email": "^1.0.5",
        "@nqduy1805/api-send-gmail": "^1.0.6",
        "@nqduy1805/api-send-skye": "^1.0.0",
        "@nqduy1805/api-send-viber": "^1.0.0",
        "@nqduy1805/api-send-zns": "^1.0.0",
        "@nqduy1805/api-zalo": "^1.0.2",
        "@nqduy180500/api-chat-ai": "^1.0.3",
        "@nqduy180500/api-chat-email": "^1.0.2",
        "@nqduy180500/api-chat-fb": "^1.0.2",
        "@nqduy180500/api-chat-gmail": "^1.0.1",
        "@nqduy180500/api-chat-skye": "^1.0.2",
        "@nqduy180500/api-chat-sms": "^1.0.2",
        "@nqduy180500/api-chat-viber": "^1.0.1",
        "@nqduy180500/api-chat-zalo": "^1.0.2",
        "@nqduy180500/api-chat-zns": "^1.0.1",
        "api-chat-fanpage-facebook": "^1.2.0",
        "api-chatfb": "^1.0.7",
        "api-chatfb-test": "^1.0.6",
        "api-facebooknew": "^1.0.4"
      }
    },
    "node_modules/@nqduy1805/api-send-viber": {
      "version": "1.0.0",
      "resolved": "https://registry.npmjs.org/@nqduy1805/api-send-viber/-/api-send-viber-1.0.0.tgz",
      "integrity": "sha512-JfG16pgmaigz+jyQSKT6kMKuI9iJg1R1MQFzrQ2QtELzdqnoRwkktEOOymQrABUhSi6gg+81U+FjnxY9+5rzig==",
      "dependencies": {
        "@nqduy1805/api-gmail": "^1.0.4",
        "@nqduy1805/api-gmail-ai": "^1.0.6",
        "@nqduy1805/api-send-email": "^1.0.5",
        "@nqduy1805/api-send-gmail": "^1.0.6",
        "@nqduy1805/api-zalo": "^1.0.2",
        "@nqduy180500/api-chat-ai": "^1.0.3",
        "@nqduy180500/api-chat-email": "^1.0.2",
        "@nqduy180500/api-chat-fb": "^1.0.2",
        "@nqduy180500/api-chat-gmail": "^1.0.1",
        "@nqduy180500/api-chat-skye": "^1.0.2",
        "@nqduy180500/api-chat-sms": "^1.0.2",
        "@nqduy180500/api-chat-viber": "^1.0.1",
        "@nqduy180500/api-chat-zalo": "^1.0.2",
        "@nqduy180500/api-chat-zns": "^1.0.1",
        "api-chat-fanpage-facebook": "^1.2.0",
        "api-chatfb": "^1.0.7",
        "api-chatfb-test": "^1.0.6",
        "api-facebooknew": "^1.0.4"
      }
    },
    "node_modules/@nqduy1805/api-send-zns": {
      "version": "1.0.0",
      "resolved": "https://registry.npmjs.org/@nqduy1805/api-send-zns/-/api-send-zns-1.0.0.tgz",
      "integrity": "sha512-ol99DXeuYl1GREzIngBwRVkcTiiX1B57/E172CVn3MlN4CUxsiRsuIXpDpZbv3RTcdszIgSneJ3JVNYfJiWTag==",
      "dependencies": {
        "@nqduy1805/api-gmail": "^1.0.4",
        "@nqduy1805/api-gmail-ai": "^1.0.6",
        "@nqduy1805/api-send-email": "^1.0.5",
        "@nqduy1805/api-send-gmail": "^1.0.6",
        "@nqduy1805/api-zalo": "^1.0.2",
        "@nqduy180500/api-chat-ai": "^1.0.3",
        "@nqduy180500/api-chat-email": "^1.0.2",
        "@nqduy180500/api-chat-fb": "^1.0.2",
        "@nqduy180500/api-chat-gmail": "^1.0.1",
        "@nqduy180500/api-chat-skye": "^1.0.2",
        "@nqduy180500/api-chat-sms": "^1.0.2",
        "@nqduy180500/api-chat-viber": "^1.0.1",
        "@nqduy180500/api-chat-zalo": "^1.0.2",
        "@nqduy180500/api-chat-zns": "^1.0.1",
        "api-chat-fanpage-facebook": "^1.2.0",
        "api-chatfb": "^1.0.7",
        "api-chatfb-test": "^1.0.6",
        "api-facebooknew": "^1.0.4"
      }
    },
    "node_modules/@nqduy1805/api-zalo": {
      "version": "1.0.2",
      "resolved": "https://registry.npmjs.org/@nqduy1805/api-zalo/-/api-zalo-1.0.2.tgz",
      "integrity": "sha512-8ZzdekCDEhiotppzrRGydQjxDs8aTgtKJyY19XsngUKtuQ/jbQdAd2LHsCDIS0IqdFHpYGAy+N0UQKhJ3LAvSQ==",
      "dependencies": {
        "@libphamton/api-chatbot": "^1.0.1",
        "@libphamton/api-client-x": "^1.2.1",
        "@libphamton/chatfanpage": "^1.0.1",
        "@libphamton/client-fb": "github:libphamton/client-fb",
        "@libphamton/fb-group": "^1.0.2",
        "@nqduy1805/api-gmail": "^1.0.1",
        "@nqduy1805/api-gmail-ai": "^1.0.2",
        "@nqduy1805/api-send-email": "^1.0.1",
        "@nqduy1805/api-send-gmail": "^1.0.2",
        "@nqduy1805/api-zalo": "^1.0.0",
        "@oraliepham/api-chat-fanpage-facebook": "^1.2.4",
        "@oraliepham/api-facebooknew": "^1.0.5",
        "api-chat-fanpage-facebook": "^1.2.2",
        "api-chatfb": "^1.2.0",
        "api-chatfb-test": "^1.2.0",
        "api-facebooknew": "^1.0.4"
      }
    },
    "node_modules/@nqduy180500/api-chat-ai": {
      "version": "1.0.4",
      "resolved": "https://registry.npmjs.org/@nqduy180500/api-chat-ai/-/api-chat-ai-1.0.4.tgz",
      "integrity": "sha512-W0RROrcod8lGYvGrhAJE06RCy3ERFTAMSCUFv+4vgFOUq6FAgW+Ma6jvd4gTo7/81oofjrQxfTl7a+tK5RRfQA==",
      "dependencies": {
        "@libphamton/api-chatbot": "^1.0.1",
        "@libphamton/api-client-x": "^1.2.1",
        "@libphamton/chatfanpage": "^1.0.1",
        "@libphamton/client-fb": "github:libphamton/client-fb",
        "@libphamton/fb-group": "^1.0.2",
        "@nqduy1805/api-gmail": "^1.0.4",
        "@nqduy1805/api-gmail-ai": "^1.0.6",
        "@nqduy1805/api-send-email": "^1.0.6",
        "@nqduy1805/api-send-gmail": "^1.0.6",
        "@nqduy1805/api-send-skye": "^1.0.0",
        "@nqduy1805/api-send-sms": "^1.0.0",
        "@nqduy1805/api-send-viber": "^1.0.0",
        "@nqduy1805/api-send-zns": "^1.0.0",
        "@nqduy1805/api-zalo": "^1.0.2",
        "@nqduy180500/api-chat-ai": "^1.0.3",
        "@nqduy180500/api-chat-email": "^1.0.2",
        "@nqduy180500/api-chat-fb": "^1.0.2",
        "@nqduy180500/api-chat-gmail": "^1.0.1",
        "@nqduy180500/api-chat-skye": "^1.0.2",
        "@nqduy180500/api-chat-sms": "^1.0.3",
        "@nqduy180500/api-chat-viber": "^1.0.2",
        "@nqduy180500/api-chat-zalo": "^1.0.2",
        "@nqduy180500/api-chat-zns": "^1.0.1",
        "@oraliepham/api-chat-fanpage-facebook": "^1.2.4",
        "@oraliepham/api-facebooknew": "^1.0.5",
        "api-chat-fanpage-facebook": "^1.2.2",
        "api-chatfb": "^1.2.0",
        "api-chatfb-test": "^1.2.0",
        "api-facebooknew": "^1.0.4"
      }
    },
    "node_modules/@nqduy180500/api-chat-email": {
      "version": "1.0.2",
      "resolved": "https://registry.npmjs.org/@nqduy180500/api-chat-email/-/api-chat-email-1.0.2.tgz",
      "integrity": "sha512-/OFizqswUxUjUSLUdRzEcxBVwtplVF26w/G6ldnO2TRkrI9Yk1s7IvdKosjKt2829a951LuPa8XxtAXNfog5Ug==",
      "dependencies": {
        "@libphamton/api-chatbot": "^1.0.1",
        "@libphamton/api-client-x": "^1.2.1",
        "@libphamton/chatfanpage": "^1.0.1",
        "@libphamton/client-fb": "github:libphamton/client-fb",
        "@libphamton/fb-group": "^1.0.2",
        "@nqduy1805/api-gmail": "^1.0.4",
        "@nqduy1805/api-gmail-ai": "^1.0.5",
        "@nqduy1805/api-send-email": "^1.0.4",
        "@nqduy1805/api-send-gmail": "^1.0.5",
        "@nqduy1805/api-zalo": "^1.0.1",
        "@nqduy180500/api-chat-ai": "^1.0.0",
        "@nqduy180500/api-chat-fb": "^1.0.0",
        "@nqduy180500/api-chat-gmail": "^1.0.0",
        "@nqduy180500/api-chat-skye": "^1.0.1",
        "@nqduy180500/api-chat-sms": "^1.0.0",
        "@nqduy180500/api-chat-viber": "^1.0.0",
        "@nqduy180500/api-chat-zalo": "^1.0.2",
        "@oraliepham/api-chat-fanpage-facebook": "^1.2.4",
        "@oraliepham/api-facebooknew": "^1.0.5",
        "api-chat-fanpage-facebook": "^1.2.2",
        "api-chatfb": "^1.2.0",
        "api-chatfb-test": "^1.2.0",
        "api-facebooknew": "^1.0.4"
      }
    },
    "node_modules/@nqduy180500/api-chat-fb": {
      "version": "1.0.2",
      "resolved": "https://registry.npmjs.org/@nqduy180500/api-chat-fb/-/api-chat-fb-1.0.2.tgz",
      "integrity": "sha512-/Sm9hhc9nhsz4K8cYh0kc6Hgz7S32DPCFmUBMuvad4bar+zOiiQjZ8qs61y2WyupR6bbSRzitoojDTO3qe6klg==",
      "dependencies": {
        "@libphamton/api-chatbot": "^1.0.1",
        "@libphamton/api-client-x": "^1.2.1",
        "@libphamton/chatfanpage": "^1.0.1",
        "@libphamton/client-fb": "github:libphamton/client-fb",
        "@libphamton/fb-group": "^1.0.2",
        "@nqduy1805/api-gmail": "^1.0.3",
        "@nqduy1805/api-gmail-ai": "^1.0.5",
        "@nqduy1805/api-send-email": "^1.0.4",
        "@nqduy1805/api-send-gmail": "^1.0.5",
        "@nqduy1805/api-zalo": "^1.0.1",
        "@nqduy180500/api-chat-ai": "^1.0.0",
        "@nqduy180500/api-chat-gmail": "^1.0.0",
        "@nqduy180500/api-chat-zalo": "^1.0.2",
        "@oraliepham/api-chat-fanpage-facebook": "^1.2.4",
        "@oraliepham/api-facebooknew": "^1.0.5",
        "api-chat-fanpage-facebook": "^1.2.2",
        "api-chatfb": "^1.2.0",
        "api-chatfb-test": "^1.2.0",
        "api-facebooknew": "^1.0.4"
      }
    },
    "node_modules/@nqduy180500/api-chat-gmail": {
      "version": "1.0.1",
      "resolved": "https://registry.npmjs.org/@nqduy180500/api-chat-gmail/-/api-chat-gmail-1.0.1.tgz",
      "integrity": "sha512-rYUpW8ER83yzT5O/SimqKMOXJK4SpWgkJe60CqsQkdkDK3+7SULRnXvcUfXTiIBBGeJydoDNF9QBPLgjnIPYiw==",
      "dependencies": {
        "@libphamton/api-chatbot": "^1.0.1",
        "@libphamton/api-client-x": "^1.2.1",
        "@libphamton/chatfanpage": "^1.0.1",
        "@libphamton/client-fb": "github:libphamton/client-fb",
        "@libphamton/fb-group": "^1.0.2",
        "@nqduy1805/api-gmail": "^1.0.1",
        "@nqduy1805/api-gmail-ai": "^1.0.5",
        "@nqduy1805/api-send-email": "^1.0.4",
        "@nqduy1805/api-send-gmail": "^1.0.5",
        "@nqduy1805/api-zalo": "^1.0.1",
        "@oraliepham/api-chat-fanpage-facebook": "^1.2.4",
        "@oraliepham/api-facebooknew": "^1.0.5",
        "api-chat-fanpage-facebook": "^1.2.2",
        "api-chatfb": "^1.2.0",
        "api-chatfb-test": "^1.2.0",
        "api-facebooknew": "^1.0.4"
      }
    },
    "node_modules/@nqduy180500/api-chat-skye": {
      "version": "1.0.2",
      "resolved": "https://registry.npmjs.org/@nqduy180500/api-chat-skye/-/api-chat-skye-1.0.2.tgz",
      "integrity": "sha512-1P0BAH9CvqysbhXYw64XhRhrhP7OoG+rW8Gkn1OMiIwdkfNBOCp2NzTBMVFyUpj/05o5TNSEyC1x9YrLKOlfkg==",
      "dependencies": {
        "@libphamton/api-chatbot": "^1.0.1",
        "@libphamton/api-client-x": "^1.2.1",
        "@libphamton/chatfanpage": "^1.0.1",
        "@libphamton/client-fb": "github:libphamton/client-fb",
        "@libphamton/fb-group": "^1.0.2",
        "@nqduy1805/api-gmail": "^1.0.4",
        "@nqduy1805/api-gmail-ai": "^1.0.5",
        "@nqduy1805/api-send-email": "^1.0.4",
        "@nqduy1805/api-send-gmail": "^1.0.5",
        "@nqduy1805/api-zalo": "^1.0.1",
        "@nqduy180500/api-chat-ai": "^1.0.0",
        "@nqduy180500/api-chat-fb": "^1.0.0",
        "@nqduy180500/api-chat-gmail": "^1.0.0",
        "@nqduy180500/api-chat-zalo": "^1.0.2",
        "@oraliepham/api-chat-fanpage-facebook": "^1.2.4",
        "@oraliepham/api-facebooknew": "^1.0.5",
        "api-chat-fanpage-facebook": "^1.2.2",
        "api-chatfb": "^1.2.0",
        "api-chatfb-test": "^1.2.0",
        "api-facebooknew": "^1.0.4"
      }
    },
    "node_modules/@nqduy180500/api-chat-sms": {
      "version": "1.0.3",
      "resolved": "https://registry.npmjs.org/@nqduy180500/api-chat-sms/-/api-chat-sms-1.0.3.tgz",
      "integrity": "sha512-VPTsSsrf+CM6NlmTYRXB0r8YXlvMr7+ipjG0sIZBi3XgsxeTKpfF5jf0zeC64ziitx+wi3657U+zbfNj10/dfA==",
      "dependencies": {
        "@libphamton/api-chatbot": "^1.0.1",
        "@libphamton/api-client-x": "^1.2.1",
        "@libphamton/chatfanpage": "^1.0.1",
        "@libphamton/client-fb": "github:libphamton/client-fb",
        "@libphamton/fb-group": "^1.0.2",
        "@nqduy1805/api-gmail": "^1.0.4",
        "@nqduy1805/api-gmail-ai": "^1.0.5",
        "@nqduy1805/api-send-email": "^1.0.4",
        "@nqduy1805/api-send-gmail": "^1.0.5",
        "@nqduy1805/api-zalo": "^1.0.1",
        "@nqduy180500/api-chat-ai": "^1.0.0",
        "@nqduy180500/api-chat-fb": "^1.0.0",
        "@nqduy180500/api-chat-gmail": "^1.0.0",
        "@nqduy180500/api-chat-skye": "^1.0.1",
        "@nqduy180500/api-chat-sms": "^1.0.0",
        "@nqduy180500/api-chat-viber": "^1.0.0",
        "@nqduy180500/api-chat-zalo": "^1.0.2",
        "@oraliepham/api-chat-fanpage-facebook": "^1.2.4",
        "@oraliepham/api-facebooknew": "^1.0.5",
        "api-chat-fanpage-facebook": "^1.2.2",
        "api-chatfb": "^1.2.0",
        "api-chatfb-test": "^1.2.0",
        "api-facebooknew": "^1.0.4"
      }
    },
    "node_modules/@nqduy180500/api-chat-viber": {
      "version": "1.0.2",
      "resolved": "https://registry.npmjs.org/@nqduy180500/api-chat-viber/-/api-chat-viber-1.0.2.tgz",
      "integrity": "sha512-KEDFzdnhi8QoH9Q44kYxzWyDY4apnHw/ouJ+t7exS5bzcY2RyqJYhP3L/iBraOUScfdnt5hodpSz4FUmPN9gWQ==",
      "dependencies": {
        "@libphamton/api-chatbot": "^1.0.1",
        "@libphamton/api-client-x": "^1.2.1",
        "@libphamton/chatfanpage": "^1.0.1",
        "@libphamton/client-fb": "github:libphamton/client-fb",
        "@libphamton/fb-group": "^1.0.2",
        "@nqduy1805/api-gmail": "^1.0.4",
        "@nqduy1805/api-gmail-ai": "^1.0.6",
        "@nqduy1805/api-send-email": "^1.0.6",
        "@nqduy1805/api-send-gmail": "^1.0.6",
        "@nqduy1805/api-send-skye": "^1.0.0",
        "@nqduy1805/api-send-sms": "^1.0.0",
        "@nqduy1805/api-send-viber": "^1.0.0",
        "@nqduy1805/api-send-zns": "^1.0.0",
        "@nqduy1805/api-zalo": "^1.0.2",
        "@nqduy180500/api-chat-ai": "^1.0.3",
        "@nqduy180500/api-chat-email": "^1.0.2",
        "@nqduy180500/api-chat-fb": "^1.0.2",
        "@nqduy180500/api-chat-gmail": "^1.0.1",
        "@nqduy180500/api-chat-skye": "^1.0.2",
        "@nqduy180500/api-chat-sms": "^1.0.3",
        "@nqduy180500/api-chat-viber": "^1.0.1",
        "@nqduy180500/api-chat-zalo": "^1.0.2",
        "@nqduy180500/api-chat-zns": "^1.0.1",
        "@oraliepham/api-chat-fanpage-facebook": "^1.2.4",
        "@oraliepham/api-facebooknew": "^1.0.5",
        "api-chat-fanpage-facebook": "^1.2.2",
        "api-chatfb": "^1.2.0",
        "api-chatfb-test": "^1.2.0",
        "api-facebooknew": "^1.0.4"
      }
    },
    "node_modules/@nqduy180500/api-chat-zalo": {
      "version": "1.0.2",
      "resolved": "https://registry.npmjs.org/@nqduy180500/api-chat-zalo/-/api-chat-zalo-1.0.2.tgz",
      "integrity": "sha512-LZasSFuWHGs6PmVddYEL519rETS0/s7KL/fb2UlVS7XFpN2Eb0M+Nv3IAiWOLIcaqWp24xCV21DyQmwqieDtGQ==",
      "dependencies": {
        "@libphamton/api-chatbot": "^1.0.1",
        "@libphamton/api-client-x": "^1.2.1",
        "@libphamton/chatfanpage": "^1.0.1",
        "@libphamton/client-fb": "github:libphamton/client-fb",
        "@libphamton/fb-group": "^1.0.2",
        "@nqduy1805/api-gmail": "^1.0.1",
        "@nqduy1805/api-gmail-ai": "^1.0.5",
        "@nqduy1805/api-send-email": "^1.0.4",
        "@nqduy1805/api-send-gmail": "^1.0.5",
        "@nqduy1805/api-zalo": "^1.0.1",
        "@nqduy180500/api-chat-ai": "^1.0.0",
        "@nqduy180500/api-chat-gmail": "^1.0.0",
        "@oraliepham/api-chat-fanpage-facebook": "^1.2.4",
        "@oraliepham/api-facebooknew": "^1.0.5",
        "api-chat-fanpage-facebook": "^1.2.2",
        "api-chatfb": "^1.2.0",
        "api-chatfb-test": "^1.2.0",
        "api-facebooknew": "^1.0.4"
      }
    },
    "node_modules/@nqduy180500/api-chat-zns": {
      "version": "1.0.2",
      "resolved": "https://registry.npmjs.org/@nqduy180500/api-chat-zns/-/api-chat-zns-1.0.2.tgz",
      "integrity": "sha512-i6nmBq5f2JucpfS9/yCFJ6F2MaQXsZDtT60l3v4ytqCfkd8FukWpRPbeeD47SDRkhmM4j2b7ho7JJ0Ysv9kMMQ==",
      "dependencies": {
        "@libphamton/api-chatbot": "^1.0.1",
        "@libphamton/api-client-x": "^1.2.1",
        "@libphamton/chatfanpage": "^1.0.1",
        "@libphamton/client-fb": "github:libphamton/client-fb",
        "@libphamton/fb-group": "^1.0.2",
        "@nqduy1805/api-gmail": "^1.0.4",
        "@nqduy1805/api-gmail-ai": "^1.0.5",
        "@nqduy1805/api-send-email": "^1.0.4",
        "@nqduy1805/api-send-gmail": "^1.0.5",
        "@nqduy1805/api-zalo": "^1.0.1",
        "@nqduy180500/api-chat-ai": "^1.0.0",
        "@nqduy180500/api-chat-fb": "^1.0.0",
        "@nqduy180500/api-chat-gmail": "^1.0.0",
        "@nqduy180500/api-chat-skye": "^1.0.1",
        "@nqduy180500/api-chat-sms": "^1.0.1",
        "@nqduy180500/api-chat-viber": "^1.0.0",
        "@nqduy180500/api-chat-zalo": "^1.0.2",
        "@oraliepham/api-chat-fanpage-facebook": "^1.2.4",
        "@oraliepham/api-facebooknew": "^1.0.5",
        "api-chat-fanpage-facebook": "^1.2.2",
        "api-chatfb": "^1.2.0",
        "api-chatfb-test": "^1.2.0",
        "api-facebooknew": "^1.0.4"
      }
    },
    "node_modules/@oraliepham/api-chat-fanpage-facebook": {
      "version": "1.2.4",
      "resolved": "https://registry.npmjs.org/@oraliepham/api-chat-fanpage-facebook/-/api-chat-fanpage-facebook-1.2.4.tgz",
      "integrity": "sha512-ReA30eWTkSrKVMeV3XqFFnGMqDXkjXK3MPVQjVS3e5bPSp8zjiXF/POWayy6kbmW6tAU7U8PS279IN2dEits0w==",
      "dependencies": {
        "@oraliepham/api-chat-fanpage-facebook": "^1.2.3",
        "@oraliepham/api-facebooknew": "^1.0.5",
        "@scdb/simple-http": "^1.0.4",
        "@utilcode/simple-http": "^1.0.0",
        "api-chat-fanpage-facebook": "^1.2.0",
        "api-chatfb": "^1.0.7",
        "api-chatfb-test": "^1.0.6",
        "api-facebooknew": "^1.0.4"
      }
    },
    "node_modules/@oraliepham/api-facebooknew": {
      "version": "1.0.5",
      "resolved": "https://registry.npmjs.org/@oraliepham/api-facebooknew/-/api-facebooknew-1.0.5.tgz",
      "integrity": "sha512-FCobQ8bcujE6S9Irw4CIim/ln4ZI8jnHUPy3p3zyklZ7l+0u6YF/NxOiVJVNmGN+KvqnV4u80a450USbO/HhHA==",
      "dependencies": {
        "api-chat-fanpage-facebook": "^1.2.0",
        "api-chatfb": "^1.0.6",
        "api-chatfb-test": "^1.0.4"
      },
      "engines": {
        "node": ">=20.0.0"
      }
    },
    "node_modules/@scdb/simple-http": {
      "version": "1.0.7",
      "resolved": "https://registry.npmjs.org/@scdb/simple-http/-/simple-http-1.0.7.tgz",
      "integrity": "sha512-UxrlQw/rpIcWicEM1/c6ZMbPtVJ4X0IZzhVvyjNS+oN/dY904fGzuiq8J+xrVC6gDMNtMb/TdY+lULVkrP6xkw==",
      "dependencies": {
        "qs": "^6.11.2"
      },
      "engines": {
        "node": ">=20.0.0"
      }
    },
    "node_modules/@tuan149/api-sunny": {
      "version": "1.0.5",
      "resolved": "git+ssh://git@github.com/tuan149/api-sunny.git#88293c4ca986141aaa5de6884d89e4b8646a39cb",
      "license": "ISC",
      "dependencies": {
        "@libphamton/api-client-x": "^1.0.7",
        "@libphamton/chatfanpage": "^1.0.1",
        "@libphamton/client-fb": "^1.0.9",
        "@oraliepham/api-chat-fanpage-facebook": "^1.2.4",
        "@oraliepham/api-facebooknew": "^1.0.5",
        "api-chat-fanpage-facebook": "^1.2.0",
        "api-chatfb": "^1.0.7",
        "api-chatfb-test": "^1.0.6",
        "api-facebooknew": "^1.0.4"
      }
    },
    "node_modules/@tuan149/api-sunny/node_modules/@libphamton/client-fb": {
      "version": "1.0.9",
      "resolved": "https://registry.npmjs.org/@libphamton/client-fb/-/client-fb-1.0.9.tgz",
      "integrity": "sha512-Cosw4G6emXi+a7YSNIaVYytffpT6oNFF6rREQ0qved9IrtK8V1XT+ugrHjyLm3gzqE/+Gi4105lxd/IX/qv4mw==",
      "dependencies": {
        "@oraliepham/api-chat-fanpage-facebook": "^1.2.4",
        "@oraliepham/api-facebooknew": "^1.0.5",
        "api-chat-fanpage-facebook": "^1.2.0",
        "api-chatfb": "^1.0.7",
        "api-chatfb-test": "^1.0.6",
        "api-facebooknew": "^1.0.4"
      }
    },
    "node_modules/@utilcode/simple-http": {
      "version": "1.0.1",
      "resolved": "https://registry.npmjs.org/@utilcode/simple-http/-/simple-http-1.0.1.tgz",
      "integrity": "sha512-/N/jxdC/bKHPgj6AqjTZwOUEMdKqiKzBwAHR/1y6v0PpGvrcBQgIU//vMhID/ZXY9E9DTuBYFdLwW+mqT5J9GQ==",
      "dependencies": {
        "@oraliepham/api-chat-fanpage-facebook": "^1.1.5",
        "qs": "^6.11.2"
      },
      "engines": {
        "node": ">=20.0.0"
      }
    },
    "node_modules/api-chat-fanpage-facebook": {
      "version": "1.2.3",
      "resolved": "https://registry.npmjs.org/api-chat-fanpage-facebook/-/api-chat-fanpage-facebook-1.2.3.tgz",
      "integrity": "sha512-mMyev4brBuw9zlKAP1AwM7vxgWiykMNe16IjvzoQWHqln+tn7w3+xiLpzp1i5ZQqFIAOkOGt9FfMH6qUgyqvqA==",
      "dependencies": {
        "@libphamton/api-chatbot": "^1.0.1",
        "@libphamton/api-client-x": "^1.0.7",
        "@libphamton/api-openai": "^1.0.3",
        "@libphamton/chatfanpage": "^1.0.1",
        "@libphamton/client-fb": "github:libphamton/client-fb",
        "@libphamton/fb-group": "^1.0.0",
        "@oraliepham/api-chat-fanpage-facebook": "^1.2.0",
        "@oraliepham/api-facebooknew": "^1.0.5",
        "@scdb/simple-http": "^1.0.4",
        "@utilcode/simple-http": "^1.0.0",
        "api-chat-fanpage-facebook": "^1.2.0",
        "api-chatfb": "^1.0.7",
        "api-chatfb-test": "^1.0.6",
        "api-facebooknew": "^1.0.4"
      }
    },
    "node_modules/api-chatfb": {
      "version": "1.2.1",
      "resolved": "https://registry.npmjs.org/api-chatfb/-/api-chatfb-1.2.1.tgz",
      "integrity": "sha512-2Hpes1gD9/ClG+vzBL1cqSxPrlabc+uscDCOINWz07G5M9pApr4YYmMdkfYpbomdNApXjcBhDVb7vDHD4ANvpA==",
      "dependencies": {
        "@libphamton/api-chatbot": "^1.0.1",
        "@libphamton/api-client-x": "^1.0.7",
        "@libphamton/api-openai": "^1.0.3",
        "@libphamton/chatfanpage": "^1.0.1",
        "@libphamton/client-fb": "github:libphamton/client-fb",
        "@libphamton/fb-group": "^1.0.0",
        "@oraliepham/api-chat-fanpage-facebook": "^1.2.0",
        "@oraliepham/api-facebooknew": "^1.0.5",
        "@scdb/simple-http": "^1.0.4",
        "@utilcode/simple-http": "^1.0.0",
        "api-chat-fanpage-facebook": "^1.2.0",
        "api-chatfb": "^1.0.7",
        "api-chatfb-test": "^1.0.6",
        "api-facebooknew": "^1.0.4"
      }
    },
    "node_modules/api-chatfb-test": {
      "version": "1.2.0",
      "resolved": "https://registry.npmjs.org/api-chatfb-test/-/api-chatfb-test-1.2.0.tgz",
      "integrity": "sha512-YrfFjjUWDsmkI2BUBXdIN9ZFN43NaB0gvUTQbdC2fxTdZ9cnRZep4j/GLgT1vdiZA1o140MY0Cg/rzGiIc+c2A==",
      "dependencies": {
        "@libphamton/api-client-x": "^1.0.7",
        "@libphamton/chatfanpage": "^1.0.1",
        "@libphamton/client-fb": "github:libphamton/client-fb",
        "@oraliepham/api-chat-fanpage-facebook": "^1.2.0",
        "@oraliepham/api-facebooknew": "^1.0.5",
        "@scdb/simple-http": "^1.0.4",
        "api-chat-fanpage-facebook": "^1.2.0",
        "api-chatfb": "^1.0.7",
        "api-chatfb-test": "^1.0.6",
        "api-facebooknew": "^1.0.4"
      }
    },
    "node_modules/api-facebooknew": {
      "version": "1.0.4",
      "resolved": "https://registry.npmjs.org/api-facebooknew/-/api-facebooknew-1.0.4.tgz",
      "integrity": "sha512-2rtRz24oVpUDFaHYCDfFY110cx29zY+TeQTcsguz3dloDYva07SMwr4o7iH1f19pyZ2zxIAsTTy6N+M5KCtljQ==",
      "dependencies": {
        "api-chat-fanpage-facebook": "^1.2.0",
        "api-chatfb": "^1.0.6",
        "api-chatfb-test": "^1.0.4"
      },
      "engines": {
        "node": ">=20.0.0"
      }
    },
    "node_modules/call-bind": {
      "version": "1.0.7",
      "resolved": "https://registry.npmjs.org/call-bind/-/call-bind-1.0.7.tgz",
      "integrity": "sha512-GHTSNSYICQ7scH7sZ+M2rFopRoLh8t2bLSW6BbgrtLsahOIB5iyAVJf9GjWK3cYTDaMj4XdBpM1cA6pIS0Kv2w==",
      "dependencies": {
        "es-define-property": "^1.0.0",
        "es-errors": "^1.3.0",
        "function-bind": "^1.1.2",
        "get-intrinsic": "^1.2.4",
        "set-function-length": "^1.2.1"
      },
      "engines": {
        "node": ">= 0.4"
      },
      "funding": {
        "url": "https://github.com/sponsors/ljharb"
      }
    },
    "node_modules/define-data-property": {
      "version": "1.1.4",
      "resolved": "https://registry.npmjs.org/define-data-property/-/define-data-property-1.1.4.tgz",
      "integrity": "sha512-rBMvIzlpA8v6E+SJZoo++HAYqsLrkg7MSfIinMPFhmkorw7X+dOXVJQs+QT69zGkzMyfDnIMN2Wid1+NbL3T+A==",
      "dependencies": {
        "es-define-property": "^1.0.0",
        "es-errors": "^1.3.0",
        "gopd": "^1.0.1"
      },
      "engines": {
        "node": ">= 0.4"
      },
      "funding": {
        "url": "https://github.com/sponsors/ljharb"
      }
    },
    "node_modules/es-define-property": {
      "version": "1.0.0",
      "resolved": "https://registry.npmjs.org/es-define-property/-/es-define-property-1.0.0.tgz",
      "integrity": "sha512-jxayLKShrEqqzJ0eumQbVhTYQM27CfT1T35+gCgDFoL82JLsXqTJ76zv6A0YLOgEnLUMvLzsDsGIrl8NFpT2gQ==",
      "dependencies": {
        "get-intrinsic": "^1.2.4"
      },
      "engines": {
        "node": ">= 0.4"
      }
    },
    "node_modules/es-errors": {
      "version": "1.3.0",
      "resolved": "https://registry.npmjs.org/es-errors/-/es-errors-1.3.0.tgz",
      "integrity": "sha512-Zf5H2Kxt2xjTvbJvP2ZWLEICxA6j+hAmMzIlypy4xcBg1vKVnx89Wy0GbS+kf5cwCVFFzdCFh2XSCFNULS6csw==",
      "engines": {
        "node": ">= 0.4"
      }
    },
    "node_modules/function-bind": {
      "version": "1.1.2",
      "resolved": "https://registry.npmjs.org/function-bind/-/function-bind-1.1.2.tgz",
      "integrity": "sha512-7XHNxH7qX9xG5mIwxkhumTox/MIRNcOgDrxWsMt2pAr23WHp6MrRlN7FBSFpCpr+oVO0F744iUgR82nJMfG2SA==",
      "funding": {
        "url": "https://github.com/sponsors/ljharb"
      }
    },
    "node_modules/get-intrinsic": {
      "version": "1.2.4",
      "resolved": "https://registry.npmjs.org/get-intrinsic/-/get-intrinsic-1.2.4.tgz",
      "integrity": "sha512-5uYhsJH8VJBTv7oslg4BznJYhDoRI6waYCxMmCdnTrcCrHA/fCFKoTFz2JKKE0HdDFUF7/oQuhzumXJK7paBRQ==",
      "dependencies": {
        "es-errors": "^1.3.0",
        "function-bind": "^1.1.2",
        "has-proto": "^1.0.1",
        "has-symbols": "^1.0.3",
        "hasown": "^2.0.0"
      },
      "engines": {
        "node": ">= 0.4"
      },
      "funding": {
        "url": "https://github.com/sponsors/ljharb"
      }
    },
    "node_modules/gopd": {
      "version": "1.0.1",
      "resolved": "https://registry.npmjs.org/gopd/-/gopd-1.0.1.tgz",
      "integrity": "sha512-d65bNlIadxvpb/A2abVdlqKqV563juRnZ1Wtk6s1sIR8uNsXR70xqIzVqxVf1eTqDunwT2MkczEeaezCKTZhwA==",
      "dependencies": {
        "get-intrinsic": "^1.1.3"
      },
      "funding": {
        "url": "https://github.com/sponsors/ljharb"
      }
    },
    "node_modules/has-property-descriptors": {
      "version": "1.0.2",
      "resolved": "https://registry.npmjs.org/has-property-descriptors/-/has-property-descriptors-1.0.2.tgz",
      "integrity": "sha512-55JNKuIW+vq4Ke1BjOTjM2YctQIvCT7GFzHwmfZPGo5wnrgkid0YQtnAleFSqumZm4az3n2BS+erby5ipJdgrg==",
      "dependencies": {
        "es-define-property": "^1.0.0"
      },
      "funding": {
        "url": "https://github.com/sponsors/ljharb"
      }
    },
    "node_modules/has-proto": {
      "version": "1.0.3",
      "resolved": "https://registry.npmjs.org/has-proto/-/has-proto-1.0.3.tgz",
      "integrity": "sha512-SJ1amZAJUiZS+PhsVLf5tGydlaVB8EdFpaSO4gmiUKUOxk8qzn5AIy4ZeJUmh22znIdk/uMAUT2pl3FxzVUH+Q==",
      "engines": {
        "node": ">= 0.4"
      },
      "funding": {
        "url": "https://github.com/sponsors/ljharb"
      }
    },
    "node_modules/has-symbols": {
      "version": "1.0.3",
      "resolved": "https://registry.npmjs.org/has-symbols/-/has-symbols-1.0.3.tgz",
      "integrity": "sha512-l3LCuF6MgDNwTDKkdYGEihYjt5pRPbEg46rtlmnSPlUbgmB8LOIrKJbYYFBSbnPaJexMKtiPO8hmeRjRz2Td+A==",
      "engines": {
        "node": ">= 0.4"
      },
      "funding": {
        "url": "https://github.com/sponsors/ljharb"
      }
    },
    "node_modules/hasown": {
      "version": "2.0.1",
      "resolved": "https://registry.npmjs.org/hasown/-/hasown-2.0.1.tgz",
      "integrity": "sha512-1/th4MHjnwncwXsIW6QMzlvYL9kG5e/CpVvLRZe4XPa8TOUNbCELqmvhDmnkNsAjwaG4+I8gJJL0JBvTTLO9qA==",
      "dependencies": {
        "function-bind": "^1.1.2"
      },
      "engines": {
        "node": ">= 0.4"
      }
    },
    "node_modules/object-inspect": {
      "version": "1.13.1",
      "resolved": "https://registry.npmjs.org/object-inspect/-/object-inspect-1.13.1.tgz",
      "integrity": "sha512-5qoj1RUiKOMsCCNLV1CBiPYE10sziTsnmNxkAI/rZhiD63CF7IqdFGC/XzjWjpSgLf0LxXX3bDFIh0E18f6UhQ==",
      "funding": {
        "url": "https://github.com/sponsors/ljharb"
      }
    },
    "node_modules/qs": {
      "version": "6.12.0",
      "resolved": "https://registry.npmjs.org/qs/-/qs-6.12.0.tgz",
      "integrity": "sha512-trVZiI6RMOkO476zLGaBIzszOdFPnCCXHPG9kn0yuS1uz6xdVxPfZdB3vUig9pxPFDM9BRAgz/YUIVQ1/vuiUg==",
      "dependencies": {
        "side-channel": "^1.0.6"
      },
      "engines": {
        "node": ">=0.6"
      },
      "funding": {
        "url": "https://github.com/sponsors/ljharb"
      }
    },
    "node_modules/set-function-length": {
      "version": "1.2.2",
      "resolved": "https://registry.npmjs.org/set-function-length/-/set-function-length-1.2.2.tgz",
      "integrity": "sha512-pgRc4hJ4/sNjWCSS9AmnS40x3bNMDTknHgL5UaMBTMyJnU90EgWh1Rz+MC9eFu4BuN/UwZjKQuY/1v3rM7HMfg==",
      "dependencies": {
        "define-data-property": "^1.1.4",
        "es-errors": "^1.3.0",
        "function-bind": "^1.1.2",
        "get-intrinsic": "^1.2.4",
        "gopd": "^1.0.1",
        "has-property-descriptors": "^1.0.2"
      },
      "engines": {
        "node": ">= 0.4"
      }
    },
    "node_modules/side-channel": {
      "version": "1.0.6",
      "resolved": "https://registry.npmjs.org/side-channel/-/side-channel-1.0.6.tgz",
      "integrity": "sha512-fDW/EZ6Q9RiO8eFG8Hj+7u/oW+XrPTIChwCOM2+th2A6OblDtYYIpve9m+KvI9Z4C9qSEXlaGR6bTEYHReuglA==",
      "dependencies": {
        "call-bind": "^1.0.7",
        "es-errors": "^1.3.0",
        "get-intrinsic": "^1.2.4",
        "object-inspect": "^1.13.1"
      },
      "engines": {
        "node": ">= 0.4"
      },
      "funding": {
        "url": "https://github.com/sponsors/ljharb"
      }
    }
  }
}
